// !$*UTF8*$!
{
	archiveVersion = 1;
	classes = {
	};
	objectVersion = 46;
	objects = {

/* Begin PBXBuildFile section */
		CA0F05D61AC4490A00BA3ABE /* NSString+Morphing.m in Sources */ = {isa = PBXBuildFile; fileRef = CA0F05D31AC4490A00BA3ABE /* NSString+Morphing.m */; };
		CA0F05D71AC4490A00BA3ABE /* TOMSMorphingLabel.m in Sources */ = {isa = PBXBuildFile; fileRef = CA0F05D51AC4490A00BA3ABE /* TOMSMorphingLabel.m */; };
		CA0F05D91AC459CE00BA3ABE /* MyNavigationController.swift in Sources */ = {isa = PBXBuildFile; fileRef = CA0F05D81AC459CE00BA3ABE /* MyNavigationController.swift */; };
		CA2AC4C11B024178004C5692 /* SiteDinjectionSubview.swift in Sources */ = {isa = PBXBuildFile; fileRef = CA2AC4C01B024178004C5692 /* SiteDinjectionSubview.swift */; };
		CA2AC4C31B024B69004C5692 /* TechniqueSubview.swift in Sources */ = {isa = PBXBuildFile; fileRef = CA2AC4C21B024B69004C5692 /* TechniqueSubview.swift */; };
		CA2B1B7E1AF8D74800020298 /* AdapteDoseViewController.swift in Sources */ = {isa = PBXBuildFile; fileRef = CA2B1B7D1AF8D74800020298 /* AdapteDoseViewController.swift */; };
		CA2B1B801AF8DB3200020298 /* HypoglycemieViewController.swift in Sources */ = {isa = PBXBuildFile; fileRef = CA2B1B7F1AF8DB3200020298 /* HypoglycemieViewController.swift */; };
		CA2B1B821AF8DDCC00020298 /* NovoTwistViewController.swift in Sources */ = {isa = PBXBuildFile; fileRef = CA2B1B811AF8DDCC00020298 /* NovoTwistViewController.swift */; };
		CA2B1B851AF900DB00020298 /* ContainerPresentation.swift in Sources */ = {isa = PBXBuildFile; fileRef = CA2B1B841AF900DB00020298 /* ContainerPresentation.swift */; };
		CA2B1B871AF90D9D00020298 /* buttonMenu.swift in Sources */ = {isa = PBXBuildFile; fileRef = CA2B1B861AF90D9D00020298 /* buttonMenu.swift */; };
		CA2B1B891AF90F7100020298 /* buttonMenu.xib in Resources */ = {isa = PBXBuildFile; fileRef = CA2B1B881AF90F7100020298 /* buttonMenu.xib */; };
		CA6EA00C1B04B5B900BF1D61 /* NovoFineViewController.swift in Sources */ = {isa = PBXBuildFile; fileRef = CA6EA00B1B04B5B900BF1D61 /* NovoFineViewController.swift */; };
		CA6EA00E1B04B74E00BF1D61 /* novofine.mp4 in Resources */ = {isa = PBXBuildFile; fileRef = CA6EA00D1B04B74E00BF1D61 /* novofine.mp4 */; };
		CA6EA0101B04BDD500BF1D61 /* ConseilsViewController.swift in Sources */ = {isa = PBXBuildFile; fileRef = CA6EA00F1B04BDD500BF1D61 /* ConseilsViewController.swift */; };
		CA8138591AF7B30F0066030B /* AsyncButton.swift in Sources */ = {isa = PBXBuildFile; fileRef = CA81383B1AF7B30F0066030B /* AsyncButton.swift */; };
		CA81385A1AF7B30F0066030B /* AsyncImageView.swift in Sources */ = {isa = PBXBuildFile; fileRef = CA81383C1AF7B30F0066030B /* AsyncImageView.swift */; };
		CA81385B1AF7B30F0066030B /* AutoTextView.swift in Sources */ = {isa = PBXBuildFile; fileRef = CA81383D1AF7B30F0066030B /* AutoTextView.swift */; };
		CA81385C1AF7B30F0066030B /* BlurView.swift in Sources */ = {isa = PBXBuildFile; fileRef = CA81383E1AF7B30F0066030B /* BlurView.swift */; };
		CA81385D1AF7B30F0066030B /* DesignableButton.swift in Sources */ = {isa = PBXBuildFile; fileRef = CA81383F1AF7B30F0066030B /* DesignableButton.swift */; };
		CA81385E1AF7B30F0066030B /* DesignableImageView.swift in Sources */ = {isa = PBXBuildFile; fileRef = CA8138401AF7B30F0066030B /* DesignableImageView.swift */; };
		CA81385F1AF7B30F0066030B /* DesignableLabel.swift in Sources */ = {isa = PBXBuildFile; fileRef = CA8138411AF7B30F0066030B /* DesignableLabel.swift */; };
		CA8138601AF7B30F0066030B /* DesignableTabBarController.swift in Sources */ = {isa = PBXBuildFile; fileRef = CA8138421AF7B30F0066030B /* DesignableTabBarController.swift */; };
		CA8138611AF7B30F0066030B /* DesignableTextField.swift in Sources */ = {isa = PBXBuildFile; fileRef = CA8138431AF7B30F0066030B /* DesignableTextField.swift */; };
		CA8138621AF7B30F0066030B /* DesignableTextView.swift in Sources */ = {isa = PBXBuildFile; fileRef = CA8138441AF7B30F0066030B /* DesignableTextView.swift */; };
		CA8138631AF7B30F0066030B /* DesignableView.swift in Sources */ = {isa = PBXBuildFile; fileRef = CA8138451AF7B30F0066030B /* DesignableView.swift */; };
		CA8138641AF7B30F0066030B /* ImageLoader.swift in Sources */ = {isa = PBXBuildFile; fileRef = CA8138461AF7B30F0066030B /* ImageLoader.swift */; };
		CA8138651AF7B30F0066030B /* Info.plist in Resources */ = {isa = PBXBuildFile; fileRef = CA8138471AF7B30F0066030B /* Info.plist */; };
		CA8138661AF7B30F0066030B /* KeyboardLayoutConstraint.swift in Sources */ = {isa = PBXBuildFile; fileRef = CA8138481AF7B30F0066030B /* KeyboardLayoutConstraint.swift */; };
		CA8138671AF7B30F0066030B /* LoadingView.swift in Sources */ = {isa = PBXBuildFile; fileRef = CA8138491AF7B30F0066030B /* LoadingView.swift */; };
		CA8138681AF7B30F0066030B /* LoadingView.xib in Resources */ = {isa = PBXBuildFile; fileRef = CA81384A1AF7B30F0066030B /* LoadingView.xib */; };
		CA8138691AF7B30F0066030B /* Misc.swift in Sources */ = {isa = PBXBuildFile; fileRef = CA81384B1AF7B30F0066030B /* Misc.swift */; };
		CA81386A1AF7B30F0066030B /* SoundPlayer.swift in Sources */ = {isa = PBXBuildFile; fileRef = CA81384C1AF7B30F0066030B /* SoundPlayer.swift */; };
		CA81386B1AF7B30F0066030B /* Spring.swift in Sources */ = {isa = PBXBuildFile; fileRef = CA81384E1AF7B30F0066030B /* Spring.swift */; };
		CA81386C1AF7B30F0066030B /* SpringAnimation.swift in Sources */ = {isa = PBXBuildFile; fileRef = CA81384F1AF7B30F0066030B /* SpringAnimation.swift */; };
		CA81386D1AF7B30F0066030B /* SpringButton.swift in Sources */ = {isa = PBXBuildFile; fileRef = CA8138501AF7B30F0066030B /* SpringButton.swift */; };
		CA81386E1AF7B30F0066030B /* SpringImageView.swift in Sources */ = {isa = PBXBuildFile; fileRef = CA8138511AF7B30F0066030B /* SpringImageView.swift */; };
		CA81386F1AF7B30F0066030B /* SpringLabel.swift in Sources */ = {isa = PBXBuildFile; fileRef = CA8138521AF7B30F0066030B /* SpringLabel.swift */; };
		CA8138701AF7B30F0066030B /* SpringTextField.swift in Sources */ = {isa = PBXBuildFile; fileRef = CA8138531AF7B30F0066030B /* SpringTextField.swift */; };
		CA8138711AF7B30F0066030B /* SpringTextView.swift in Sources */ = {isa = PBXBuildFile; fileRef = CA8138541AF7B30F0066030B /* SpringTextView.swift */; };
		CA8138721AF7B30F0066030B /* SpringView.swift in Sources */ = {isa = PBXBuildFile; fileRef = CA8138551AF7B30F0066030B /* SpringView.swift */; };
		CA8138731AF7B30F0066030B /* TransitionManager.swift in Sources */ = {isa = PBXBuildFile; fileRef = CA8138561AF7B30F0066030B /* TransitionManager.swift */; };
		CA8138741AF7B30F0066030B /* TransitionZoom.swift in Sources */ = {isa = PBXBuildFile; fileRef = CA8138571AF7B30F0066030B /* TransitionZoom.swift */; };
		CA8138751AF7B30F0066030B /* UnwindSegue.swift in Sources */ = {isa = PBXBuildFile; fileRef = CA8138581AF7B30F0066030B /* UnwindSegue.swift */; };
		CA8886971ACD88D800BE0D55 /* TopButton.swift in Sources */ = {isa = PBXBuildFile; fileRef = CA8886961ACD88D800BE0D55 /* TopButton.swift */; };
		CA91436F1AFA5D92001AAA20 /* AgiterSubview.swift in Sources */ = {isa = PBXBuildFile; fileRef = CA91436E1AFA5D92001AAA20 /* AgiterSubview.swift */; };
		CA9143711AFA5E9C001AAA20 /* FlexPenSubviews.xib in Resources */ = {isa = PBXBuildFile; fileRef = CA9143701AFA5E9C001AAA20 /* FlexPenSubviews.xib */; };
		CA9734211B04E820004C3BA8 /* ArrowButton.swift in Sources */ = {isa = PBXBuildFile; fileRef = CA9734201B04E820004C3BA8 /* ArrowButton.swift */; };
		CA9734231B04E847004C3BA8 /* ArrowButton.xib in Resources */ = {isa = PBXBuildFile; fileRef = CA9734221B04E847004C3BA8 /* ArrowButton.xib */; };
		CA9734261B04F5CC004C3BA8 /* HypoDialogView.swift in Sources */ = {isa = PBXBuildFile; fileRef = CA9734251B04F5CB004C3BA8 /* HypoDialogView.swift */; };
		CAA070271AD15164000C8E70 /* FlexPenViewController.swift in Sources */ = {isa = PBXBuildFile; fileRef = CAA070261AD15164000C8E70 /* FlexPenViewController.swift */; };
		CACB3E451AFB85AA00FEC309 /* agiter.mp4 in Resources */ = {isa = PBXBuildFile; fileRef = CACB3E411AFB85AA00FEC309 /* agiter.mp4 */; };
		CACB3E461AFB85AA00FEC309 /* injecter.mp4 in Resources */ = {isa = PBXBuildFile; fileRef = CACB3E421AFB85AA00FEC309 /* injecter.mp4 */; };
		CACB3E471AFB85AA00FEC309 /* purger.mp4 in Resources */ = {isa = PBXBuildFile; fileRef = CACB3E431AFB85AA00FEC309 /* purger.mp4 */; };
		CACB3E481AFB85AA00FEC309 /* selectionner.mp4 in Resources */ = {isa = PBXBuildFile; fileRef = CACB3E441AFB85AA00FEC309 /* selectionner.mp4 */; };
		CAD577471AFF7BE6007D6441 /* PurgerSubview.swift in Sources */ = {isa = PBXBuildFile; fileRef = CAD577461AFF7BE6007D6441 /* PurgerSubview.swift */; };
		CAD577491AFF849D007D6441 /* SelectionnerSubview.swift in Sources */ = {isa = PBXBuildFile; fileRef = CAD577481AFF849D007D6441 /* SelectionnerSubview.swift */; };
		CAD5774B1AFF87C5007D6441 /* InjecterSubview.swift in Sources */ = {isa = PBXBuildFile; fileRef = CAD5774A1AFF87C5007D6441 /* InjecterSubview.swift */; };
		CAD59EE21ACBF90500B82A56 /* SommaireView.swift in Sources */ = {isa = PBXBuildFile; fileRef = CAD59EE11ACBF90500B82A56 /* SommaireView.swift */; };
		CAD59EE41ACBFF8B00B82A56 /* SommaireView.xib in Resources */ = {isa = PBXBuildFile; fileRef = CAD59EE31ACBFF8B00B82A56 /* SommaireView.xib */; };
		CAD59EE61ACC029400B82A56 /* NovoNordiskLogo.swift in Sources */ = {isa = PBXBuildFile; fileRef = CAD59EE51ACC029400B82A56 /* NovoNordiskLogo.swift */; };
		CAD59EE81ACC02B100B82A56 /* NovoNordiskLogo.xib in Resources */ = {isa = PBXBuildFile; fileRef = CAD59EE71ACC02B100B82A56 /* NovoNordiskLogo.xib */; };
		CAD59EEB1ACC06CE00B82A56 /* Slogan.swift in Sources */ = {isa = PBXBuildFile; fileRef = CAD59EEA1ACC06CE00B82A56 /* Slogan.swift */; };
		CAD59EED1ACC071E00B82A56 /* Slogan.xib in Resources */ = {isa = PBXBuildFile; fileRef = CAD59EEC1ACC071E00B82A56 /* Slogan.xib */; };
		CADEC28E1AC84CF400C046E1 /* ChameleonStatusBar.m in Sources */ = {isa = PBXBuildFile; fileRef = CADEC2841AC84CF400C046E1 /* ChameleonStatusBar.m */; };
		CADEC28F1AC84CF400C046E1 /* Constants.swift in Sources */ = {isa = PBXBuildFile; fileRef = CADEC2851AC84CF400C046E1 /* Constants.swift */; };
		CADEC2901AC84CF400C046E1 /* NSArray+Chameleon.m in Sources */ = {isa = PBXBuildFile; fileRef = CADEC2871AC84CF400C046E1 /* NSArray+Chameleon.m */; };
		CADEC2911AC84CF400C046E1 /* UIColor+Chameleon.m in Sources */ = {isa = PBXBuildFile; fileRef = CADEC2891AC84CF400C046E1 /* UIColor+Chameleon.m */; };
		CADEC2921AC84CF400C046E1 /* UIColor+CIELAB.m in Sources */ = {isa = PBXBuildFile; fileRef = CADEC28B1AC84CF400C046E1 /* UIColor+CIELAB.m */; };
		CADEC2931AC84CF400C046E1 /* UIViewController+Chameleon.m in Sources */ = {isa = PBXBuildFile; fileRef = CADEC28D1AC84CF400C046E1 /* UIViewController+Chameleon.m */; };
		CAE175611B021BF1008AA929 /* TypeDaiguillesSubview.swift in Sources */ = {isa = PBXBuildFile; fileRef = CAE175601B021BF1008AA929 /* TypeDaiguillesSubview.swift */; };
		CAE175631B021CD3008AA929 /* NovoTwistSubview.xib in Resources */ = {isa = PBXBuildFile; fileRef = CAE175621B021CD3008AA929 /* NovoTwistSubview.xib */; };
		CAED02EE1ABED46F00022FE9 /* AppDelegate.swift in Sources */ = {isa = PBXBuildFile; fileRef = CAED02ED1ABED46F00022FE9 /* AppDelegate.swift */; };
		CAED02F81ABED46F00022FE9 /* LaunchScreen.xib in Resources */ = {isa = PBXBuildFile; fileRef = CAED02F61ABED46F00022FE9 /* LaunchScreen.xib */; };
		CAED03041ABED46F00022FE9 /* NovoMixPasseportSwiftTests.swift in Sources */ = {isa = PBXBuildFile; fileRef = CAED03031ABED46F00022FE9 /* NovoMixPasseportSwiftTests.swift */; };
		CAED03201ABED4A700022FE9 /* ShowHideButton.m in Sources */ = {isa = PBXBuildFile; fileRef = CAED03101ABED4A700022FE9 /* ShowHideButton.m */; };
		CAED03211ABED4A700022FE9 /* RButton.m in Sources */ = {isa = PBXBuildFile; fileRef = CAED03121ABED4A700022FE9 /* RButton.m */; };
		CAED03221ABED4A700022FE9 /* HomeButton.m in Sources */ = {isa = PBXBuildFile; fileRef = CAED03141ABED4A700022FE9 /* HomeButton.m */; };
		CAED03231ABED4A700022FE9 /* ContainerView.m in Sources */ = {isa = PBXBuildFile; fileRef = CAED03161ABED4A700022FE9 /* ContainerView.m */; };
		CAED03241ABED4A700022FE9 /* MultilineLabel.m in Sources */ = {isa = PBXBuildFile; fileRef = CAED03181ABED4A700022FE9 /* MultilineLabel.m */; };
		CAED03251ABED4A700022FE9 /* MyTextField.m in Sources */ = {isa = PBXBuildFile; fileRef = CAED031A1ABED4A700022FE9 /* MyTextField.m */; };
		CAED03261ABED4A700022FE9 /* MyPickerView.m in Sources */ = {isa = PBXBuildFile; fileRef = CAED031C1ABED4A700022FE9 /* MyPickerView.m */; };
		CAED03271ABED4A700022FE9 /* InfoButton.m in Sources */ = {isa = PBXBuildFile; fileRef = CAED031E1ABED4A700022FE9 /* InfoButton.m */; };
		CAED03281ABED4A700022FE9 /* MyButton.swift in Sources */ = {isa = PBXBuildFile; fileRef = CAED031F1ABED4A700022FE9 /* MyButton.swift */; };
		CAED033C1ABED52300022FE9 /* Thumbnail.swift in Sources */ = {isa = PBXBuildFile; fileRef = CAED033A1ABED52300022FE9 /* Thumbnail.swift */; };
		CAED033D1ABED52300022FE9 /* Thumbnail.xib in Resources */ = {isa = PBXBuildFile; fileRef = CAED033B1ABED52300022FE9 /* Thumbnail.xib */; };
		CAED03401ABED54D00022FE9 /* Images.xcassets in Resources */ = {isa = PBXBuildFile; fileRef = CAED033F1ABED54D00022FE9 /* Images.xcassets */; };
		CAED03421ABED56300022FE9 /* uc.jpg in Resources */ = {isa = PBXBuildFile; fileRef = CAED03411ABED56300022FE9 /* uc.jpg */; };
		CAED034B1ABED57800022FE9 /* ObjectifView.swift in Sources */ = {isa = PBXBuildFile; fileRef = CAED03431ABED57800022FE9 /* ObjectifView.swift */; };
		CAED034C1ABED57800022FE9 /* ObjectifView.xib in Resources */ = {isa = PBXBuildFile; fileRef = CAED03441ABED57800022FE9 /* ObjectifView.xib */; };
		CAED034D1ABED57800022FE9 /* DoseView.swift in Sources */ = {isa = PBXBuildFile; fileRef = CAED03451ABED57800022FE9 /* DoseView.swift */; };
		CAED034E1ABED57800022FE9 /* DoseView.xib in Resources */ = {isa = PBXBuildFile; fileRef = CAED03461ABED57800022FE9 /* DoseView.xib */; };
		CAED034F1ABED57800022FE9 /* GlycemiesView.swift in Sources */ = {isa = PBXBuildFile; fileRef = CAED03471ABED57800022FE9 /* GlycemiesView.swift */; };
		CAED03501ABED57800022FE9 /* GlycemiesView.xib in Resources */ = {isa = PBXBuildFile; fileRef = CAED03481ABED57800022FE9 /* GlycemiesView.xib */; };
		CAED03511ABED57800022FE9 /* ResultView.swift in Sources */ = {isa = PBXBuildFile; fileRef = CAED03491ABED57800022FE9 /* ResultView.swift */; };
		CAED03521ABED57800022FE9 /* ResultView.xib in Resources */ = {isa = PBXBuildFile; fileRef = CAED034A1ABED57800022FE9 /* ResultView.xib */; };
		CAED03541ABED5B600022FE9 /* Main.storyboard in Resources */ = {isa = PBXBuildFile; fileRef = CAED03531ABED5B600022FE9 /* Main.storyboard */; };
		CAED03581ABED5D400022FE9 /* ViewController.swift in Sources */ = {isa = PBXBuildFile; fileRef = CAED03551ABED5D400022FE9 /* ViewController.swift */; };
		CAED03591ABED5D400022FE9 /* SimulatorViewController.swift in Sources */ = {isa = PBXBuildFile; fileRef = CAED03561ABED5D400022FE9 /* SimulatorViewController.swift */; };
		CAED035A1ABED5D400022FE9 /* CalculatorViewController.swift in Sources */ = {isa = PBXBuildFile; fileRef = CAED03571ABED5D400022FE9 /* CalculatorViewController.swift */; };
/* End PBXBuildFile section */

/* Begin PBXContainerItemProxy section */
		CAED02FE1ABED46F00022FE9 /* PBXContainerItemProxy */ = {
			isa = PBXContainerItemProxy;
			containerPortal = CAED02E01ABED46F00022FE9 /* Project object */;
			proxyType = 1;
			remoteGlobalIDString = CAED02E71ABED46F00022FE9;
			remoteInfo = NovoMixPasseportSwift;
		};
/* End PBXContainerItemProxy section */

/* Begin PBXFileReference section */
		CA0F05D21AC4490A00BA3ABE /* NSString+Morphing.h */ = {isa = PBXFileReference; fileEncoding = 4; lastKnownFileType = sourcecode.c.h; path = "NSString+Morphing.h"; sourceTree = "<group>"; };
		CA0F05D31AC4490A00BA3ABE /* NSString+Morphing.m */ = {isa = PBXFileReference; fileEncoding = 4; lastKnownFileType = sourcecode.c.objc; path = "NSString+Morphing.m"; sourceTree = "<group>"; };
		CA0F05D41AC4490A00BA3ABE /* TOMSMorphingLabel.h */ = {isa = PBXFileReference; fileEncoding = 4; lastKnownFileType = sourcecode.c.h; path = TOMSMorphingLabel.h; sourceTree = "<group>"; };
		CA0F05D51AC4490A00BA3ABE /* TOMSMorphingLabel.m */ = {isa = PBXFileReference; fileEncoding = 4; lastKnownFileType = sourcecode.c.objc; path = TOMSMorphingLabel.m; sourceTree = "<group>"; };
		CA0F05D81AC459CE00BA3ABE /* MyNavigationController.swift */ = {isa = PBXFileReference; fileEncoding = 4; lastKnownFileType = sourcecode.swift; path = MyNavigationController.swift; sourceTree = "<group>"; };
		CA2AC4C01B024178004C5692 /* SiteDinjectionSubview.swift */ = {isa = PBXFileReference; fileEncoding = 4; lastKnownFileType = sourcecode.swift; path = SiteDinjectionSubview.swift; sourceTree = "<group>"; };
		CA2AC4C21B024B69004C5692 /* TechniqueSubview.swift */ = {isa = PBXFileReference; fileEncoding = 4; lastKnownFileType = sourcecode.swift; path = TechniqueSubview.swift; sourceTree = "<group>"; };
		CA2B1B7D1AF8D74800020298 /* AdapteDoseViewController.swift */ = {isa = PBXFileReference; fileEncoding = 4; lastKnownFileType = sourcecode.swift; path = AdapteDoseViewController.swift; sourceTree = "<group>"; };
		CA2B1B7F1AF8DB3200020298 /* HypoglycemieViewController.swift */ = {isa = PBXFileReference; fileEncoding = 4; lastKnownFileType = sourcecode.swift; path = HypoglycemieViewController.swift; sourceTree = "<group>"; };
		CA2B1B811AF8DDCC00020298 /* NovoTwistViewController.swift */ = {isa = PBXFileReference; fileEncoding = 4; lastKnownFileType = sourcecode.swift; path = NovoTwistViewController.swift; sourceTree = "<group>"; };
		CA2B1B841AF900DB00020298 /* ContainerPresentation.swift */ = {isa = PBXFileReference; fileEncoding = 4; lastKnownFileType = sourcecode.swift; path = ContainerPresentation.swift; sourceTree = "<group>"; };
		CA2B1B861AF90D9D00020298 /* buttonMenu.swift */ = {isa = PBXFileReference; fileEncoding = 4; lastKnownFileType = sourcecode.swift; path = buttonMenu.swift; sourceTree = "<group>"; };
		CA2B1B881AF90F7100020298 /* buttonMenu.xib */ = {isa = PBXFileReference; fileEncoding = 4; lastKnownFileType = file.xib; path = buttonMenu.xib; sourceTree = "<group>"; };
		CA6EA00B1B04B5B900BF1D61 /* NovoFineViewController.swift */ = {isa = PBXFileReference; fileEncoding = 4; lastKnownFileType = sourcecode.swift; path = NovoFineViewController.swift; sourceTree = "<group>"; };
		CA6EA00D1B04B74E00BF1D61 /* novofine.mp4 */ = {isa = PBXFileReference; lastKnownFileType = file; path = novofine.mp4; sourceTree = "<group>"; };
		CA6EA00F1B04BDD500BF1D61 /* ConseilsViewController.swift */ = {isa = PBXFileReference; fileEncoding = 4; lastKnownFileType = sourcecode.swift; path = ConseilsViewController.swift; sourceTree = "<group>"; };
		CA81383B1AF7B30F0066030B /* AsyncButton.swift */ = {isa = PBXFileReference; fileEncoding = 4; lastKnownFileType = sourcecode.swift; path = AsyncButton.swift; sourceTree = "<group>"; };
		CA81383C1AF7B30F0066030B /* AsyncImageView.swift */ = {isa = PBXFileReference; fileEncoding = 4; lastKnownFileType = sourcecode.swift; path = AsyncImageView.swift; sourceTree = "<group>"; };
		CA81383D1AF7B30F0066030B /* AutoTextView.swift */ = {isa = PBXFileReference; fileEncoding = 4; lastKnownFileType = sourcecode.swift; path = AutoTextView.swift; sourceTree = "<group>"; };
		CA81383E1AF7B30F0066030B /* BlurView.swift */ = {isa = PBXFileReference; fileEncoding = 4; lastKnownFileType = sourcecode.swift; path = BlurView.swift; sourceTree = "<group>"; };
		CA81383F1AF7B30F0066030B /* DesignableButton.swift */ = {isa = PBXFileReference; fileEncoding = 4; lastKnownFileType = sourcecode.swift; path = DesignableButton.swift; sourceTree = "<group>"; };
		CA8138401AF7B30F0066030B /* DesignableImageView.swift */ = {isa = PBXFileReference; fileEncoding = 4; lastKnownFileType = sourcecode.swift; path = DesignableImageView.swift; sourceTree = "<group>"; };
		CA8138411AF7B30F0066030B /* DesignableLabel.swift */ = {isa = PBXFileReference; fileEncoding = 4; lastKnownFileType = sourcecode.swift; path = DesignableLabel.swift; sourceTree = "<group>"; };
		CA8138421AF7B30F0066030B /* DesignableTabBarController.swift */ = {isa = PBXFileReference; fileEncoding = 4; lastKnownFileType = sourcecode.swift; path = DesignableTabBarController.swift; sourceTree = "<group>"; };
		CA8138431AF7B30F0066030B /* DesignableTextField.swift */ = {isa = PBXFileReference; fileEncoding = 4; lastKnownFileType = sourcecode.swift; path = DesignableTextField.swift; sourceTree = "<group>"; };
		CA8138441AF7B30F0066030B /* DesignableTextView.swift */ = {isa = PBXFileReference; fileEncoding = 4; lastKnownFileType = sourcecode.swift; path = DesignableTextView.swift; sourceTree = "<group>"; };
		CA8138451AF7B30F0066030B /* DesignableView.swift */ = {isa = PBXFileReference; fileEncoding = 4; lastKnownFileType = sourcecode.swift; path = DesignableView.swift; sourceTree = "<group>"; };
		CA8138461AF7B30F0066030B /* ImageLoader.swift */ = {isa = PBXFileReference; fileEncoding = 4; lastKnownFileType = sourcecode.swift; path = ImageLoader.swift; sourceTree = "<group>"; };
		CA8138471AF7B30F0066030B /* Info.plist */ = {isa = PBXFileReference; fileEncoding = 4; lastKnownFileType = text.plist.xml; path = Info.plist; sourceTree = "<group>"; };
		CA8138481AF7B30F0066030B /* KeyboardLayoutConstraint.swift */ = {isa = PBXFileReference; fileEncoding = 4; lastKnownFileType = sourcecode.swift; path = KeyboardLayoutConstraint.swift; sourceTree = "<group>"; };
		CA8138491AF7B30F0066030B /* LoadingView.swift */ = {isa = PBXFileReference; fileEncoding = 4; lastKnownFileType = sourcecode.swift; path = LoadingView.swift; sourceTree = "<group>"; };
		CA81384A1AF7B30F0066030B /* LoadingView.xib */ = {isa = PBXFileReference; fileEncoding = 4; lastKnownFileType = file.xib; path = LoadingView.xib; sourceTree = "<group>"; };
		CA81384B1AF7B30F0066030B /* Misc.swift */ = {isa = PBXFileReference; fileEncoding = 4; lastKnownFileType = sourcecode.swift; path = Misc.swift; sourceTree = "<group>"; };
		CA81384C1AF7B30F0066030B /* SoundPlayer.swift */ = {isa = PBXFileReference; fileEncoding = 4; lastKnownFileType = sourcecode.swift; path = SoundPlayer.swift; sourceTree = "<group>"; };
		CA81384D1AF7B30F0066030B /* Spring.h */ = {isa = PBXFileReference; fileEncoding = 4; lastKnownFileType = sourcecode.c.h; path = Spring.h; sourceTree = "<group>"; };
		CA81384E1AF7B30F0066030B /* Spring.swift */ = {isa = PBXFileReference; fileEncoding = 4; lastKnownFileType = sourcecode.swift; path = Spring.swift; sourceTree = "<group>"; };
		CA81384F1AF7B30F0066030B /* SpringAnimation.swift */ = {isa = PBXFileReference; fileEncoding = 4; lastKnownFileType = sourcecode.swift; path = SpringAnimation.swift; sourceTree = "<group>"; };
		CA8138501AF7B30F0066030B /* SpringButton.swift */ = {isa = PBXFileReference; fileEncoding = 4; lastKnownFileType = sourcecode.swift; path = SpringButton.swift; sourceTree = "<group>"; };
		CA8138511AF7B30F0066030B /* SpringImageView.swift */ = {isa = PBXFileReference; fileEncoding = 4; lastKnownFileType = sourcecode.swift; path = SpringImageView.swift; sourceTree = "<group>"; };
		CA8138521AF7B30F0066030B /* SpringLabel.swift */ = {isa = PBXFileReference; fileEncoding = 4; lastKnownFileType = sourcecode.swift; path = SpringLabel.swift; sourceTree = "<group>"; };
		CA8138531AF7B30F0066030B /* SpringTextField.swift */ = {isa = PBXFileReference; fileEncoding = 4; lastKnownFileType = sourcecode.swift; path = SpringTextField.swift; sourceTree = "<group>"; };
		CA8138541AF7B30F0066030B /* SpringTextView.swift */ = {isa = PBXFileReference; fileEncoding = 4; lastKnownFileType = sourcecode.swift; path = SpringTextView.swift; sourceTree = "<group>"; };
		CA8138551AF7B30F0066030B /* SpringView.swift */ = {isa = PBXFileReference; fileEncoding = 4; lastKnownFileType = sourcecode.swift; path = SpringView.swift; sourceTree = "<group>"; };
		CA8138561AF7B30F0066030B /* TransitionManager.swift */ = {isa = PBXFileReference; fileEncoding = 4; lastKnownFileType = sourcecode.swift; path = TransitionManager.swift; sourceTree = "<group>"; };
		CA8138571AF7B30F0066030B /* TransitionZoom.swift */ = {isa = PBXFileReference; fileEncoding = 4; lastKnownFileType = sourcecode.swift; path = TransitionZoom.swift; sourceTree = "<group>"; };
		CA8138581AF7B30F0066030B /* UnwindSegue.swift */ = {isa = PBXFileReference; fileEncoding = 4; lastKnownFileType = sourcecode.swift; path = UnwindSegue.swift; sourceTree = "<group>"; };
		CA8886961ACD88D800BE0D55 /* TopButton.swift */ = {isa = PBXFileReference; fileEncoding = 4; lastKnownFileType = sourcecode.swift; path = TopButton.swift; sourceTree = "<group>"; };
		CA91436E1AFA5D92001AAA20 /* AgiterSubview.swift */ = {isa = PBXFileReference; fileEncoding = 4; lastKnownFileType = sourcecode.swift; path = AgiterSubview.swift; sourceTree = "<group>"; };
		CA9143701AFA5E9C001AAA20 /* FlexPenSubviews.xib */ = {isa = PBXFileReference; fileEncoding = 4; lastKnownFileType = file.xib; path = FlexPenSubviews.xib; sourceTree = "<group>"; };
		CA9734201B04E820004C3BA8 /* ArrowButton.swift */ = {isa = PBXFileReference; fileEncoding = 4; lastKnownFileType = sourcecode.swift; path = ArrowButton.swift; sourceTree = "<group>"; };
		CA9734221B04E847004C3BA8 /* ArrowButton.xib */ = {isa = PBXFileReference; fileEncoding = 4; lastKnownFileType = file.xib; path = ArrowButton.xib; sourceTree = "<group>"; };
		CA9734251B04F5CB004C3BA8 /* HypoDialogView.swift */ = {isa = PBXFileReference; fileEncoding = 4; lastKnownFileType = sourcecode.swift; path = HypoDialogView.swift; sourceTree = "<group>"; };
		CAA070261AD15164000C8E70 /* FlexPenViewController.swift */ = {isa = PBXFileReference; fileEncoding = 4; lastKnownFileType = sourcecode.swift; path = FlexPenViewController.swift; sourceTree = "<group>"; };
		CACB3E411AFB85AA00FEC309 /* agiter.mp4 */ = {isa = PBXFileReference; lastKnownFileType = file; path = agiter.mp4; sourceTree = "<group>"; };
		CACB3E421AFB85AA00FEC309 /* injecter.mp4 */ = {isa = PBXFileReference; lastKnownFileType = file; path = injecter.mp4; sourceTree = "<group>"; };
		CACB3E431AFB85AA00FEC309 /* purger.mp4 */ = {isa = PBXFileReference; lastKnownFileType = file; path = purger.mp4; sourceTree = "<group>"; };
		CACB3E441AFB85AA00FEC309 /* selectionner.mp4 */ = {isa = PBXFileReference; lastKnownFileType = file; path = selectionner.mp4; sourceTree = "<group>"; };
		CAD577461AFF7BE6007D6441 /* PurgerSubview.swift */ = {isa = PBXFileReference; fileEncoding = 4; lastKnownFileType = sourcecode.swift; path = PurgerSubview.swift; sourceTree = "<group>"; };
		CAD577481AFF849D007D6441 /* SelectionnerSubview.swift */ = {isa = PBXFileReference; fileEncoding = 4; lastKnownFileType = sourcecode.swift; path = SelectionnerSubview.swift; sourceTree = "<group>"; };
		CAD5774A1AFF87C5007D6441 /* InjecterSubview.swift */ = {isa = PBXFileReference; fileEncoding = 4; lastKnownFileType = sourcecode.swift; path = InjecterSubview.swift; sourceTree = "<group>"; };
		CAD59EE11ACBF90500B82A56 /* SommaireView.swift */ = {isa = PBXFileReference; fileEncoding = 4; lastKnownFileType = sourcecode.swift; path = SommaireView.swift; sourceTree = "<group>"; };
		CAD59EE31ACBFF8B00B82A56 /* SommaireView.xib */ = {isa = PBXFileReference; fileEncoding = 4; lastKnownFileType = file.xib; path = SommaireView.xib; sourceTree = "<group>"; };
		CAD59EE51ACC029400B82A56 /* NovoNordiskLogo.swift */ = {isa = PBXFileReference; fileEncoding = 4; lastKnownFileType = sourcecode.swift; path = NovoNordiskLogo.swift; sourceTree = "<group>"; };
		CAD59EE71ACC02B100B82A56 /* NovoNordiskLogo.xib */ = {isa = PBXFileReference; fileEncoding = 4; lastKnownFileType = file.xib; path = NovoNordiskLogo.xib; sourceTree = "<group>"; };
		CAD59EEA1ACC06CE00B82A56 /* Slogan.swift */ = {isa = PBXFileReference; fileEncoding = 4; lastKnownFileType = sourcecode.swift; path = Slogan.swift; sourceTree = "<group>"; };
		CAD59EEC1ACC071E00B82A56 /* Slogan.xib */ = {isa = PBXFileReference; fileEncoding = 4; lastKnownFileType = file.xib; path = Slogan.xib; sourceTree = "<group>"; };
		CADEC2811AC84CF400C046E1 /* Chameleon.h */ = {isa = PBXFileReference; fileEncoding = 4; lastKnownFileType = sourcecode.c.h; path = Chameleon.h; sourceTree = "<group>"; };
		CADEC2821AC84CF400C046E1 /* ChameleonMacros.h */ = {isa = PBXFileReference; fileEncoding = 4; lastKnownFileType = sourcecode.c.h; path = ChameleonMacros.h; sourceTree = "<group>"; };
		CADEC2831AC84CF400C046E1 /* ChameleonStatusBar.h */ = {isa = PBXFileReference; fileEncoding = 4; lastKnownFileType = sourcecode.c.h; path = ChameleonStatusBar.h; sourceTree = "<group>"; };
		CADEC2841AC84CF400C046E1 /* ChameleonStatusBar.m */ = {isa = PBXFileReference; fileEncoding = 4; lastKnownFileType = sourcecode.c.objc; path = ChameleonStatusBar.m; sourceTree = "<group>"; };
		CADEC2851AC84CF400C046E1 /* Constants.swift */ = {isa = PBXFileReference; fileEncoding = 4; lastKnownFileType = sourcecode.swift; path = Constants.swift; sourceTree = "<group>"; };
		CADEC2861AC84CF400C046E1 /* NSArray+Chameleon.h */ = {isa = PBXFileReference; fileEncoding = 4; lastKnownFileType = sourcecode.c.h; path = "NSArray+Chameleon.h"; sourceTree = "<group>"; };
		CADEC2871AC84CF400C046E1 /* NSArray+Chameleon.m */ = {isa = PBXFileReference; fileEncoding = 4; lastKnownFileType = sourcecode.c.objc; path = "NSArray+Chameleon.m"; sourceTree = "<group>"; };
		CADEC2881AC84CF400C046E1 /* UIColor+Chameleon.h */ = {isa = PBXFileReference; fileEncoding = 4; lastKnownFileType = sourcecode.c.h; path = "UIColor+Chameleon.h"; sourceTree = "<group>"; };
		CADEC2891AC84CF400C046E1 /* UIColor+Chameleon.m */ = {isa = PBXFileReference; fileEncoding = 4; lastKnownFileType = sourcecode.c.objc; path = "UIColor+Chameleon.m"; sourceTree = "<group>"; };
		CADEC28A1AC84CF400C046E1 /* UIColor+CIELAB.h */ = {isa = PBXFileReference; fileEncoding = 4; lastKnownFileType = sourcecode.c.h; path = "UIColor+CIELAB.h"; sourceTree = "<group>"; };
		CADEC28B1AC84CF400C046E1 /* UIColor+CIELAB.m */ = {isa = PBXFileReference; fileEncoding = 4; lastKnownFileType = sourcecode.c.objc; path = "UIColor+CIELAB.m"; sourceTree = "<group>"; };
		CADEC28C1AC84CF400C046E1 /* UIViewController+Chameleon.h */ = {isa = PBXFileReference; fileEncoding = 4; lastKnownFileType = sourcecode.c.h; path = "UIViewController+Chameleon.h"; sourceTree = "<group>"; };
		CADEC28D1AC84CF400C046E1 /* UIViewController+Chameleon.m */ = {isa = PBXFileReference; fileEncoding = 4; lastKnownFileType = sourcecode.c.objc; path = "UIViewController+Chameleon.m"; sourceTree = "<group>"; };
		CAE175601B021BF1008AA929 /* TypeDaiguillesSubview.swift */ = {isa = PBXFileReference; fileEncoding = 4; lastKnownFileType = sourcecode.swift; path = TypeDaiguillesSubview.swift; sourceTree = "<group>"; };
		CAE175621B021CD3008AA929 /* NovoTwistSubview.xib */ = {isa = PBXFileReference; fileEncoding = 4; lastKnownFileType = file.xib; path = NovoTwistSubview.xib; sourceTree = "<group>"; };
		CAED02E81ABED46F00022FE9 /* NovoMixPasseportSwift.app */ = {isa = PBXFileReference; explicitFileType = wrapper.application; includeInIndex = 0; path = NovoMixPasseportSwift.app; sourceTree = BUILT_PRODUCTS_DIR; };
		CAED02EC1ABED46F00022FE9 /* Info.plist */ = {isa = PBXFileReference; lastKnownFileType = text.plist.xml; path = Info.plist; sourceTree = "<group>"; };
		CAED02ED1ABED46F00022FE9 /* AppDelegate.swift */ = {isa = PBXFileReference; lastKnownFileType = sourcecode.swift; path = AppDelegate.swift; sourceTree = "<group>"; };
		CAED02F71ABED46F00022FE9 /* Base */ = {isa = PBXFileReference; lastKnownFileType = file.xib; name = Base; path = Base.lproj/LaunchScreen.xib; sourceTree = "<group>"; };
		CAED02FD1ABED46F00022FE9 /* NovoMixPasseportSwiftTests.xctest */ = {isa = PBXFileReference; explicitFileType = wrapper.cfbundle; includeInIndex = 0; path = NovoMixPasseportSwiftTests.xctest; sourceTree = BUILT_PRODUCTS_DIR; };
		CAED03021ABED46F00022FE9 /* Info.plist */ = {isa = PBXFileReference; lastKnownFileType = text.plist.xml; path = Info.plist; sourceTree = "<group>"; };
		CAED03031ABED46F00022FE9 /* NovoMixPasseportSwiftTests.swift */ = {isa = PBXFileReference; lastKnownFileType = sourcecode.swift; path = NovoMixPasseportSwiftTests.swift; sourceTree = "<group>"; };
		CAED030E1ABED4A600022FE9 /* NovoMixPasseportSwift-Bridging-Header.h */ = {isa = PBXFileReference; lastKnownFileType = sourcecode.c.h; path = "NovoMixPasseportSwift-Bridging-Header.h"; sourceTree = "<group>"; };
		CAED030F1ABED4A700022FE9 /* ShowHideButton.h */ = {isa = PBXFileReference; fileEncoding = 4; lastKnownFileType = sourcecode.c.h; path = ShowHideButton.h; sourceTree = "<group>"; };
		CAED03101ABED4A700022FE9 /* ShowHideButton.m */ = {isa = PBXFileReference; fileEncoding = 4; lastKnownFileType = sourcecode.c.objc; path = ShowHideButton.m; sourceTree = "<group>"; };
		CAED03111ABED4A700022FE9 /* RButton.h */ = {isa = PBXFileReference; fileEncoding = 4; lastKnownFileType = sourcecode.c.h; path = RButton.h; sourceTree = "<group>"; };
		CAED03121ABED4A700022FE9 /* RButton.m */ = {isa = PBXFileReference; fileEncoding = 4; lastKnownFileType = sourcecode.c.objc; path = RButton.m; sourceTree = "<group>"; };
		CAED03131ABED4A700022FE9 /* HomeButton.h */ = {isa = PBXFileReference; fileEncoding = 4; lastKnownFileType = sourcecode.c.h; path = HomeButton.h; sourceTree = "<group>"; };
		CAED03141ABED4A700022FE9 /* HomeButton.m */ = {isa = PBXFileReference; fileEncoding = 4; lastKnownFileType = sourcecode.c.objc; path = HomeButton.m; sourceTree = "<group>"; };
		CAED03151ABED4A700022FE9 /* ContainerView.h */ = {isa = PBXFileReference; fileEncoding = 4; lastKnownFileType = sourcecode.c.h; path = ContainerView.h; sourceTree = "<group>"; };
		CAED03161ABED4A700022FE9 /* ContainerView.m */ = {isa = PBXFileReference; fileEncoding = 4; lastKnownFileType = sourcecode.c.objc; path = ContainerView.m; sourceTree = "<group>"; };
		CAED03171ABED4A700022FE9 /* MultilineLabel.h */ = {isa = PBXFileReference; fileEncoding = 4; lastKnownFileType = sourcecode.c.h; path = MultilineLabel.h; sourceTree = "<group>"; };
		CAED03181ABED4A700022FE9 /* MultilineLabel.m */ = {isa = PBXFileReference; fileEncoding = 4; lastKnownFileType = sourcecode.c.objc; path = MultilineLabel.m; sourceTree = "<group>"; };
		CAED03191ABED4A700022FE9 /* MyTextField.h */ = {isa = PBXFileReference; fileEncoding = 4; lastKnownFileType = sourcecode.c.h; path = MyTextField.h; sourceTree = "<group>"; };
		CAED031A1ABED4A700022FE9 /* MyTextField.m */ = {isa = PBXFileReference; fileEncoding = 4; lastKnownFileType = sourcecode.c.objc; path = MyTextField.m; sourceTree = "<group>"; };
		CAED031B1ABED4A700022FE9 /* MyPickerView.h */ = {isa = PBXFileReference; fileEncoding = 4; lastKnownFileType = sourcecode.c.h; path = MyPickerView.h; sourceTree = "<group>"; };
		CAED031C1ABED4A700022FE9 /* MyPickerView.m */ = {isa = PBXFileReference; fileEncoding = 4; lastKnownFileType = sourcecode.c.objc; path = MyPickerView.m; sourceTree = "<group>"; };
		CAED031D1ABED4A700022FE9 /* InfoButton.h */ = {isa = PBXFileReference; fileEncoding = 4; lastKnownFileType = sourcecode.c.h; path = InfoButton.h; sourceTree = "<group>"; };
		CAED031E1ABED4A700022FE9 /* InfoButton.m */ = {isa = PBXFileReference; fileEncoding = 4; lastKnownFileType = sourcecode.c.objc; path = InfoButton.m; sourceTree = "<group>"; };
		CAED031F1ABED4A700022FE9 /* MyButton.swift */ = {isa = PBXFileReference; fileEncoding = 4; lastKnownFileType = sourcecode.swift; path = MyButton.swift; sourceTree = "<group>"; };
		CAED033A1ABED52300022FE9 /* Thumbnail.swift */ = {isa = PBXFileReference; fileEncoding = 4; lastKnownFileType = sourcecode.swift; path = Thumbnail.swift; sourceTree = "<group>"; };
		CAED033B1ABED52300022FE9 /* Thumbnail.xib */ = {isa = PBXFileReference; fileEncoding = 4; lastKnownFileType = file.xib; path = Thumbnail.xib; sourceTree = "<group>"; };
		CAED033F1ABED54D00022FE9 /* Images.xcassets */ = {isa = PBXFileReference; lastKnownFileType = folder.assetcatalog; path = Images.xcassets; sourceTree = "<group>"; };
		CAED03411ABED56300022FE9 /* uc.jpg */ = {isa = PBXFileReference; lastKnownFileType = image.jpeg; path = uc.jpg; sourceTree = "<group>"; };
		CAED03431ABED57800022FE9 /* ObjectifView.swift */ = {isa = PBXFileReference; fileEncoding = 4; lastKnownFileType = sourcecode.swift; path = ObjectifView.swift; sourceTree = "<group>"; };
		CAED03441ABED57800022FE9 /* ObjectifView.xib */ = {isa = PBXFileReference; fileEncoding = 4; lastKnownFileType = file.xib; path = ObjectifView.xib; sourceTree = "<group>"; };
		CAED03451ABED57800022FE9 /* DoseView.swift */ = {isa = PBXFileReference; fileEncoding = 4; lastKnownFileType = sourcecode.swift; path = DoseView.swift; sourceTree = "<group>"; };
		CAED03461ABED57800022FE9 /* DoseView.xib */ = {isa = PBXFileReference; fileEncoding = 4; lastKnownFileType = file.xib; path = DoseView.xib; sourceTree = "<group>"; };
		CAED03471ABED57800022FE9 /* GlycemiesView.swift */ = {isa = PBXFileReference; fileEncoding = 4; lastKnownFileType = sourcecode.swift; path = GlycemiesView.swift; sourceTree = "<group>"; };
		CAED03481ABED57800022FE9 /* GlycemiesView.xib */ = {isa = PBXFileReference; fileEncoding = 4; lastKnownFileType = file.xib; path = GlycemiesView.xib; sourceTree = "<group>"; };
		CAED03491ABED57800022FE9 /* ResultView.swift */ = {isa = PBXFileReference; fileEncoding = 4; lastKnownFileType = sourcecode.swift; path = ResultView.swift; sourceTree = "<group>"; };
		CAED034A1ABED57800022FE9 /* ResultView.xib */ = {isa = PBXFileReference; fileEncoding = 4; lastKnownFileType = file.xib; path = ResultView.xib; sourceTree = "<group>"; };
		CAED03531ABED5B600022FE9 /* Main.storyboard */ = {isa = PBXFileReference; fileEncoding = 4; lastKnownFileType = file.storyboard; path = Main.storyboard; sourceTree = "<group>"; };
		CAED03551ABED5D400022FE9 /* ViewController.swift */ = {isa = PBXFileReference; fileEncoding = 4; lastKnownFileType = sourcecode.swift; path = ViewController.swift; sourceTree = "<group>"; };
		CAED03561ABED5D400022FE9 /* SimulatorViewController.swift */ = {isa = PBXFileReference; fileEncoding = 4; lastKnownFileType = sourcecode.swift; path = SimulatorViewController.swift; sourceTree = "<group>"; };
		CAED03571ABED5D400022FE9 /* CalculatorViewController.swift */ = {isa = PBXFileReference; fileEncoding = 4; lastKnownFileType = sourcecode.swift; path = CalculatorViewController.swift; sourceTree = "<group>"; };
/* End PBXFileReference section */

/* Begin PBXFrameworksBuildPhase section */
		CAED02E51ABED46F00022FE9 /* Frameworks */ = {
			isa = PBXFrameworksBuildPhase;
			buildActionMask = 2147483647;
			files = (
			);
			runOnlyForDeploymentPostprocessing = 0;
		};
		CAED02FA1ABED46F00022FE9 /* Frameworks */ = {
			isa = PBXFrameworksBuildPhase;
			buildActionMask = 2147483647;
			files = (
			);
			runOnlyForDeploymentPostprocessing = 0;
		};
/* End PBXFrameworksBuildPhase section */

/* Begin PBXGroup section */
		CA0F05D11AC4490A00BA3ABE /* TOMSMorphingLabel */ = {
			isa = PBXGroup;
			children = (
				CA0F05D21AC4490A00BA3ABE /* NSString+Morphing.h */,
				CA0F05D31AC4490A00BA3ABE /* NSString+Morphing.m */,
				CA0F05D41AC4490A00BA3ABE /* TOMSMorphingLabel.h */,
				CA0F05D51AC4490A00BA3ABE /* TOMSMorphingLabel.m */,
			);
			path = TOMSMorphingLabel;
			sourceTree = "<group>";
		};
		CA2B1B7C1AF8D6F200020298 /* Controllers */ = {
			isa = PBXGroup;
			children = (
				CAED03551ABED5D400022FE9 /* ViewController.swift */,
				CAED03561ABED5D400022FE9 /* SimulatorViewController.swift */,
				CAED03571ABED5D400022FE9 /* CalculatorViewController.swift */,
				CAA070261AD15164000C8E70 /* FlexPenViewController.swift */,
				CA2B1B7D1AF8D74800020298 /* AdapteDoseViewController.swift */,
				CA2B1B7F1AF8DB3200020298 /* HypoglycemieViewController.swift */,
				CA2B1B811AF8DDCC00020298 /* NovoTwistViewController.swift */,
				CA6EA00B1B04B5B900BF1D61 /* NovoFineViewController.swift */,
				CA6EA00F1B04BDD500BF1D61 /* ConseilsViewController.swift */,
			);
			name = Controllers;
			sourceTree = "<group>";
		};
		CA81383A1AF7B30F0066030B /* Spring */ = {
			isa = PBXGroup;
			children = (
				CA81383B1AF7B30F0066030B /* AsyncButton.swift */,
				CA81383C1AF7B30F0066030B /* AsyncImageView.swift */,
				CA81383D1AF7B30F0066030B /* AutoTextView.swift */,
				CA81383E1AF7B30F0066030B /* BlurView.swift */,
				CA81383F1AF7B30F0066030B /* DesignableButton.swift */,
				CA8138401AF7B30F0066030B /* DesignableImageView.swift */,
				CA8138411AF7B30F0066030B /* DesignableLabel.swift */,
				CA8138421AF7B30F0066030B /* DesignableTabBarController.swift */,
				CA8138431AF7B30F0066030B /* DesignableTextField.swift */,
				CA8138441AF7B30F0066030B /* DesignableTextView.swift */,
				CA8138451AF7B30F0066030B /* DesignableView.swift */,
				CA8138461AF7B30F0066030B /* ImageLoader.swift */,
				CA8138471AF7B30F0066030B /* Info.plist */,
				CA8138481AF7B30F0066030B /* KeyboardLayoutConstraint.swift */,
				CA8138491AF7B30F0066030B /* LoadingView.swift */,
				CA81384A1AF7B30F0066030B /* LoadingView.xib */,
				CA81384B1AF7B30F0066030B /* Misc.swift */,
				CA81384C1AF7B30F0066030B /* SoundPlayer.swift */,
				CA81384D1AF7B30F0066030B /* Spring.h */,
				CA81384E1AF7B30F0066030B /* Spring.swift */,
				CA81384F1AF7B30F0066030B /* SpringAnimation.swift */,
				CA8138501AF7B30F0066030B /* SpringButton.swift */,
				CA8138511AF7B30F0066030B /* SpringImageView.swift */,
				CA8138521AF7B30F0066030B /* SpringLabel.swift */,
				CA8138531AF7B30F0066030B /* SpringTextField.swift */,
				CA8138541AF7B30F0066030B /* SpringTextView.swift */,
				CA8138551AF7B30F0066030B /* SpringView.swift */,
				CA8138561AF7B30F0066030B /* TransitionManager.swift */,
				CA8138571AF7B30F0066030B /* TransitionZoom.swift */,
				CA8138581AF7B30F0066030B /* UnwindSegue.swift */,
			);
			path = Spring;
			sourceTree = "<group>";
		};
		CA91436D1AFA5D56001AAA20 /* FlexPen */ = {
			isa = PBXGroup;
			children = (
				CA91436E1AFA5D92001AAA20 /* AgiterSubview.swift */,
				CAD577461AFF7BE6007D6441 /* PurgerSubview.swift */,
				CAD577481AFF849D007D6441 /* SelectionnerSubview.swift */,
				CAD5774A1AFF87C5007D6441 /* InjecterSubview.swift */,
				CA9143701AFA5E9C001AAA20 /* FlexPenSubviews.xib */,
			);
			name = FlexPen;
			sourceTree = "<group>";
		};
		CA9734241B04F593004C3BA8 /* Hypoglycemie */ = {
			isa = PBXGroup;
			children = (
				CA9734251B04F5CB004C3BA8 /* HypoDialogView.swift */,
			);
			name = Hypoglycemie;
			sourceTree = "<group>";
		};
		CACB3E401AFB857300FEC309 /* Files */ = {
			isa = PBXGroup;
			children = (
				CA6EA00D1B04B74E00BF1D61 /* novofine.mp4 */,
				CACB3E411AFB85AA00FEC309 /* agiter.mp4 */,
				CACB3E421AFB85AA00FEC309 /* injecter.mp4 */,
				CACB3E431AFB85AA00FEC309 /* purger.mp4 */,
				CACB3E441AFB85AA00FEC309 /* selectionner.mp4 */,
			);
			name = Files;
			sourceTree = "<group>";
		};
		CAD59EDF1ACBF89200B82A56 /* Simulator subviews */ = {
			isa = PBXGroup;
			children = (
				CAED03431ABED57800022FE9 /* ObjectifView.swift */,
				CAED03441ABED57800022FE9 /* ObjectifView.xib */,
				CAED03451ABED57800022FE9 /* DoseView.swift */,
				CAED03461ABED57800022FE9 /* DoseView.xib */,
				CAED03471ABED57800022FE9 /* GlycemiesView.swift */,
				CAED03481ABED57800022FE9 /* GlycemiesView.xib */,
				CAED03491ABED57800022FE9 /* ResultView.swift */,
				CAED034A1ABED57800022FE9 /* ResultView.xib */,
			);
			name = "Simulator subviews";
			sourceTree = "<group>";
		};
		CAD59EE01ACBF8AF00B82A56 /* Sommaire subviews */ = {
			isa = PBXGroup;
			children = (
				CAD59EE11ACBF90500B82A56 /* SommaireView.swift */,
				CAD59EE31ACBFF8B00B82A56 /* SommaireView.xib */,
			);
			name = "Sommaire subviews";
			sourceTree = "<group>";
		};
		CAD59EE91ACC05DA00B82A56 /* Logo + Slogan */ = {
			isa = PBXGroup;
			children = (
				CAD59EE51ACC029400B82A56 /* NovoNordiskLogo.swift */,
				CAD59EE71ACC02B100B82A56 /* NovoNordiskLogo.xib */,
				CAD59EEA1ACC06CE00B82A56 /* Slogan.swift */,
				CAD59EEC1ACC071E00B82A56 /* Slogan.xib */,
			);
			name = "Logo + Slogan";
			sourceTree = "<group>";
		};
		CADEC2801AC84CF400C046E1 /* Chameleon */ = {
			isa = PBXGroup;
			children = (
				CADEC2811AC84CF400C046E1 /* Chameleon.h */,
				CADEC2821AC84CF400C046E1 /* ChameleonMacros.h */,
				CADEC2831AC84CF400C046E1 /* ChameleonStatusBar.h */,
				CADEC2841AC84CF400C046E1 /* ChameleonStatusBar.m */,
				CADEC2851AC84CF400C046E1 /* Constants.swift */,
				CADEC2861AC84CF400C046E1 /* NSArray+Chameleon.h */,
				CADEC2871AC84CF400C046E1 /* NSArray+Chameleon.m */,
				CADEC2881AC84CF400C046E1 /* UIColor+Chameleon.h */,
				CADEC2891AC84CF400C046E1 /* UIColor+Chameleon.m */,
				CADEC28A1AC84CF400C046E1 /* UIColor+CIELAB.h */,
				CADEC28B1AC84CF400C046E1 /* UIColor+CIELAB.m */,
				CADEC28C1AC84CF400C046E1 /* UIViewController+Chameleon.h */,
				CADEC28D1AC84CF400C046E1 /* UIViewController+Chameleon.m */,
			);
			path = Chameleon;
			sourceTree = "<group>";
		};
		CAE1755F1B021BB8008AA929 /* NovoTwist */ = {
			isa = PBXGroup;
			children = (
				CAE175601B021BF1008AA929 /* TypeDaiguillesSubview.swift */,
				CA2AC4C01B024178004C5692 /* SiteDinjectionSubview.swift */,
				CA2AC4C21B024B69004C5692 /* TechniqueSubview.swift */,
				CAE175621B021CD3008AA929 /* NovoTwistSubview.xib */,
			);
			name = NovoTwist;
			sourceTree = "<group>";
		};
		CAED02DF1ABED46F00022FE9 = {
			isa = PBXGroup;
			children = (
				CAED02EA1ABED46F00022FE9 /* NovoMixPasseportSwift */,
				CAED03001ABED46F00022FE9 /* NovoMixPasseportSwiftTests */,
				CAED02E91ABED46F00022FE9 /* Products */,
			);
			sourceTree = "<group>";
		};
		CAED02E91ABED46F00022FE9 /* Products */ = {
			isa = PBXGroup;
			children = (
				CAED02E81ABED46F00022FE9 /* NovoMixPasseportSwift.app */,
				CAED02FD1ABED46F00022FE9 /* NovoMixPasseportSwiftTests.xctest */,
			);
			name = Products;
			sourceTree = "<group>";
		};
		CAED02EA1ABED46F00022FE9 /* NovoMixPasseportSwift */ = {
			isa = PBXGroup;
			children = (
				CAED030E1ABED4A600022FE9 /* NovoMixPasseportSwift-Bridging-Header.h */,
				CAED03411ABED56300022FE9 /* uc.jpg */,
				CACB3E401AFB857300FEC309 /* Files */,
				CAED03291ABED4CF00022FE9 /* Libs */,
				CAED030D1ABED48D00022FE9 /* UI */,
				CAED03391ABED4FF00022FE9 /* Thumbnail */,
				CAED033E1ABED52C00022FE9 /* Views */,
				CA2B1B7C1AF8D6F200020298 /* Controllers */,
				CAED02ED1ABED46F00022FE9 /* AppDelegate.swift */,
				CAED02F61ABED46F00022FE9 /* LaunchScreen.xib */,
				CAED03531ABED5B600022FE9 /* Main.storyboard */,
				CAED033F1ABED54D00022FE9 /* Images.xcassets */,
				CAED02EB1ABED46F00022FE9 /* Supporting Files */,
			);
			path = NovoMixPasseportSwift;
			sourceTree = "<group>";
		};
		CAED02EB1ABED46F00022FE9 /* Supporting Files */ = {
			isa = PBXGroup;
			children = (
				CAED02EC1ABED46F00022FE9 /* Info.plist */,
			);
			name = "Supporting Files";
			sourceTree = "<group>";
		};
		CAED03001ABED46F00022FE9 /* NovoMixPasseportSwiftTests */ = {
			isa = PBXGroup;
			children = (
				CAED03031ABED46F00022FE9 /* NovoMixPasseportSwiftTests.swift */,
				CAED03011ABED46F00022FE9 /* Supporting Files */,
			);
			path = NovoMixPasseportSwiftTests;
			sourceTree = "<group>";
		};
		CAED03011ABED46F00022FE9 /* Supporting Files */ = {
			isa = PBXGroup;
			children = (
				CAED03021ABED46F00022FE9 /* Info.plist */,
			);
			name = "Supporting Files";
			sourceTree = "<group>";
		};
		CAED030D1ABED48D00022FE9 /* UI */ = {
			isa = PBXGroup;
			children = (
				CAED030F1ABED4A700022FE9 /* ShowHideButton.h */,
				CAED03101ABED4A700022FE9 /* ShowHideButton.m */,
				CAED03111ABED4A700022FE9 /* RButton.h */,
				CAED03121ABED4A700022FE9 /* RButton.m */,
				CAED03131ABED4A700022FE9 /* HomeButton.h */,
				CAED03141ABED4A700022FE9 /* HomeButton.m */,
				CAED03151ABED4A700022FE9 /* ContainerView.h */,
				CAED03161ABED4A700022FE9 /* ContainerView.m */,
				CAED03171ABED4A700022FE9 /* MultilineLabel.h */,
				CAED03181ABED4A700022FE9 /* MultilineLabel.m */,
				CAED03191ABED4A700022FE9 /* MyTextField.h */,
				CAED031A1ABED4A700022FE9 /* MyTextField.m */,
				CAED031B1ABED4A700022FE9 /* MyPickerView.h */,
				CAED031C1ABED4A700022FE9 /* MyPickerView.m */,
				CAED031D1ABED4A700022FE9 /* InfoButton.h */,
				CAED031E1ABED4A700022FE9 /* InfoButton.m */,
				CAED031F1ABED4A700022FE9 /* MyButton.swift */,
				CA0F05D81AC459CE00BA3ABE /* MyNavigationController.swift */,
				CA8886961ACD88D800BE0D55 /* TopButton.swift */,
				CA2B1B841AF900DB00020298 /* ContainerPresentation.swift */,
				CA2B1B861AF90D9D00020298 /* buttonMenu.swift */,
				CA2B1B881AF90F7100020298 /* buttonMenu.xib */,
				CA9734201B04E820004C3BA8 /* ArrowButton.swift */,
				CA9734221B04E847004C3BA8 /* ArrowButton.xib */,
			);
			name = UI;
			sourceTree = "<group>";
		};
		CAED03291ABED4CF00022FE9 /* Libs */ = {
			isa = PBXGroup;
			children = (
				CA81383A1AF7B30F0066030B /* Spring */,
				CADEC2801AC84CF400C046E1 /* Chameleon */,
				CA0F05D11AC4490A00BA3ABE /* TOMSMorphingLabel */,
			);
			name = Libs;
			sourceTree = "<group>";
		};
		CAED03391ABED4FF00022FE9 /* Thumbnail */ = {
			isa = PBXGroup;
			children = (
				CAED033A1ABED52300022FE9 /* Thumbnail.swift */,
				CAED033B1ABED52300022FE9 /* Thumbnail.xib */,
			);
			name = Thumbnail;
			sourceTree = "<group>";
		};
		CAED033E1ABED52C00022FE9 /* Views */ = {
			isa = PBXGroup;
			children = (
				CA9734241B04F593004C3BA8 /* Hypoglycemie */,
				CAE1755F1B021BB8008AA929 /* NovoTwist */,
				CA91436D1AFA5D56001AAA20 /* FlexPen */,
				CAD59EE01ACBF8AF00B82A56 /* Sommaire subviews */,
				CAD59EDF1ACBF89200B82A56 /* Simulator subviews */,
				CAD59EE91ACC05DA00B82A56 /* Logo + Slogan */,
			);
			name = Views;
			sourceTree = "<group>";
		};
/* End PBXGroup section */

/* Begin PBXNativeTarget section */
		CAED02E71ABED46F00022FE9 /* NovoMixPasseportSwift */ = {
			isa = PBXNativeTarget;
			buildConfigurationList = CAED03071ABED46F00022FE9 /* Build configuration list for PBXNativeTarget "NovoMixPasseportSwift" */;
			buildPhases = (
				CAED02E41ABED46F00022FE9 /* Sources */,
				CAED02E51ABED46F00022FE9 /* Frameworks */,
				CAED02E61ABED46F00022FE9 /* Resources */,
			);
			buildRules = (
			);
			dependencies = (
			);
			name = NovoMixPasseportSwift;
			productName = NovoMixPasseportSwift;
			productReference = CAED02E81ABED46F00022FE9 /* NovoMixPasseportSwift.app */;
			productType = "com.apple.product-type.application";
		};
		CAED02FC1ABED46F00022FE9 /* NovoMixPasseportSwiftTests */ = {
			isa = PBXNativeTarget;
			buildConfigurationList = CAED030A1ABED46F00022FE9 /* Build configuration list for PBXNativeTarget "NovoMixPasseportSwiftTests" */;
			buildPhases = (
				CAED02F91ABED46F00022FE9 /* Sources */,
				CAED02FA1ABED46F00022FE9 /* Frameworks */,
				CAED02FB1ABED46F00022FE9 /* Resources */,
			);
			buildRules = (
			);
			dependencies = (
				CAED02FF1ABED46F00022FE9 /* PBXTargetDependency */,
			);
			name = NovoMixPasseportSwiftTests;
			productName = NovoMixPasseportSwiftTests;
			productReference = CAED02FD1ABED46F00022FE9 /* NovoMixPasseportSwiftTests.xctest */;
			productType = "com.apple.product-type.bundle.unit-test";
		};
/* End PBXNativeTarget section */

/* Begin PBXProject section */
		CAED02E01ABED46F00022FE9 /* Project object */ = {
			isa = PBXProject;
			attributes = {
				LastUpgradeCheck = 0620;
				ORGANIZATIONNAME = "Fethi El Hassasna";
				TargetAttributes = {
					CAED02E71ABED46F00022FE9 = {
						CreatedOnToolsVersion = 6.2;
						DevelopmentTeam = QCZHBGDJF6;
					};
					CAED02FC1ABED46F00022FE9 = {
						CreatedOnToolsVersion = 6.2;
						TestTargetID = CAED02E71ABED46F00022FE9;
					};
				};
			};
			buildConfigurationList = CAED02E31ABED46F00022FE9 /* Build configuration list for PBXProject "NovoMixPasseportSwift" */;
			compatibilityVersion = "Xcode 3.2";
			developmentRegion = English;
			hasScannedForEncodings = 0;
			knownRegions = (
				en,
				Base,
			);
			mainGroup = CAED02DF1ABED46F00022FE9;
			productRefGroup = CAED02E91ABED46F00022FE9 /* Products */;
			projectDirPath = "";
			projectRoot = "";
			targets = (
				CAED02E71ABED46F00022FE9 /* NovoMixPasseportSwift */,
				CAED02FC1ABED46F00022FE9 /* NovoMixPasseportSwiftTests */,
			);
		};
/* End PBXProject section */

/* Begin PBXResourcesBuildPhase section */
		CAED02E61ABED46F00022FE9 /* Resources */ = {
			isa = PBXResourcesBuildPhase;
			buildActionMask = 2147483647;
			files = (
				CACB3E451AFB85AA00FEC309 /* agiter.mp4 in Resources */,
				CAED03521ABED57800022FE9 /* ResultView.xib in Resources */,
				CACB3E471AFB85AA00FEC309 /* purger.mp4 in Resources */,
				CAD59EE41ACBFF8B00B82A56 /* SommaireView.xib in Resources */,
				CAED03421ABED56300022FE9 /* uc.jpg in Resources */,
				CA9143711AFA5E9C001AAA20 /* FlexPenSubviews.xib in Resources */,
				CAED034E1ABED57800022FE9 /* DoseView.xib in Resources */,
				CAED034C1ABED57800022FE9 /* ObjectifView.xib in Resources */,
				CAED03401ABED54D00022FE9 /* Images.xcassets in Resources */,
				CAED02F81ABED46F00022FE9 /* LaunchScreen.xib in Resources */,
				CACB3E461AFB85AA00FEC309 /* injecter.mp4 in Resources */,
				CAD59EED1ACC071E00B82A56 /* Slogan.xib in Resources */,
				CA9734231B04E847004C3BA8 /* ArrowButton.xib in Resources */,
				CAED03541ABED5B600022FE9 /* Main.storyboard in Resources */,
				CAED033D1ABED52300022FE9 /* Thumbnail.xib in Resources */,
				CAD59EE81ACC02B100B82A56 /* NovoNordiskLogo.xib in Resources */,
				CA6EA00E1B04B74E00BF1D61 /* novofine.mp4 in Resources */,
				CA8138681AF7B30F0066030B /* LoadingView.xib in Resources */,
				CAE175631B021CD3008AA929 /* NovoTwistSubview.xib in Resources */,
				CA2B1B891AF90F7100020298 /* buttonMenu.xib in Resources */,
				CAED03501ABED57800022FE9 /* GlycemiesView.xib in Resources */,
				CACB3E481AFB85AA00FEC309 /* selectionner.mp4 in Resources */,
				CA8138651AF7B30F0066030B /* Info.plist in Resources */,
			);
			runOnlyForDeploymentPostprocessing = 0;
		};
		CAED02FB1ABED46F00022FE9 /* Resources */ = {
			isa = PBXResourcesBuildPhase;
			buildActionMask = 2147483647;
			files = (
			);
			runOnlyForDeploymentPostprocessing = 0;
		};
/* End PBXResourcesBuildPhase section */

/* Begin PBXSourcesBuildPhase section */
		CAED02E41ABED46F00022FE9 /* Sources */ = {
			isa = PBXSourcesBuildPhase;
			buildActionMask = 2147483647;
			files = (
				CA2B1B851AF900DB00020298 /* ContainerPresentation.swift in Sources */,
				CA8138731AF7B30F0066030B /* TransitionManager.swift in Sources */,
				CAED03221ABED4A700022FE9 /* HomeButton.m in Sources */,
				CAED035A1ABED5D400022FE9 /* CalculatorViewController.swift in Sources */,
				CA2AC4C31B024B69004C5692 /* TechniqueSubview.swift in Sources */,
				CA0F05D71AC4490A00BA3ABE /* TOMSMorphingLabel.m in Sources */,
				CA8138621AF7B30F0066030B /* DesignableTextView.swift in Sources */,
				CADEC2911AC84CF400C046E1 /* UIColor+Chameleon.m in Sources */,
				CA2B1B821AF8DDCC00020298 /* NovoTwistViewController.swift in Sources */,
				CA81385F1AF7B30F0066030B /* DesignableLabel.swift in Sources */,
				CAED03201ABED4A700022FE9 /* ShowHideButton.m in Sources */,
				CA81385C1AF7B30F0066030B /* BlurView.swift in Sources */,
				CAED034F1ABED57800022FE9 /* GlycemiesView.swift in Sources */,
				CA81386E1AF7B30F0066030B /* SpringImageView.swift in Sources */,
				CADEC2921AC84CF400C046E1 /* UIColor+CIELAB.m in Sources */,
				CAED03591ABED5D400022FE9 /* SimulatorViewController.swift in Sources */,
				CA8138691AF7B30F0066030B /* Misc.swift in Sources */,
				CAD59EE61ACC029400B82A56 /* NovoNordiskLogo.swift in Sources */,
				CA8138741AF7B30F0066030B /* TransitionZoom.swift in Sources */,
				CAED03271ABED4A700022FE9 /* InfoButton.m in Sources */,
				CAD59EE21ACBF90500B82A56 /* SommaireView.swift in Sources */,
				CA8138591AF7B30F0066030B /* AsyncButton.swift in Sources */,
				CA8138721AF7B30F0066030B /* SpringView.swift in Sources */,
				CA8138711AF7B30F0066030B /* SpringTextView.swift in Sources */,
				CADEC2931AC84CF400C046E1 /* UIViewController+Chameleon.m in Sources */,
				CAE175611B021BF1008AA929 /* TypeDaiguillesSubview.swift in Sources */,
				CA81386C1AF7B30F0066030B /* SpringAnimation.swift in Sources */,
				CA81385A1AF7B30F0066030B /* AsyncImageView.swift in Sources */,
				CAD577471AFF7BE6007D6441 /* PurgerSubview.swift in Sources */,
				CAA070271AD15164000C8E70 /* FlexPenViewController.swift in Sources */,
				CAED03241ABED4A700022FE9 /* MultilineLabel.m in Sources */,
				CA2B1B871AF90D9D00020298 /* buttonMenu.swift in Sources */,
				CA0F05D91AC459CE00BA3ABE /* MyNavigationController.swift in Sources */,
				CA81386F1AF7B30F0066030B /* SpringLabel.swift in Sources */,
				CAED034D1ABED57800022FE9 /* DoseView.swift in Sources */,
				CA8138631AF7B30F0066030B /* DesignableView.swift in Sources */,
				CADEC2901AC84CF400C046E1 /* NSArray+Chameleon.m in Sources */,
				CA6EA0101B04BDD500BF1D61 /* ConseilsViewController.swift in Sources */,
				CA8138661AF7B30F0066030B /* KeyboardLayoutConstraint.swift in Sources */,
				CADEC28E1AC84CF400C046E1 /* ChameleonStatusBar.m in Sources */,
				CAD5774B1AFF87C5007D6441 /* InjecterSubview.swift in Sources */,
				CAED03211ABED4A700022FE9 /* RButton.m in Sources */,
				CA8138701AF7B30F0066030B /* SpringTextField.swift in Sources */,
				CA6EA00C1B04B5B900BF1D61 /* NovoFineViewController.swift in Sources */,
				CAED03231ABED4A700022FE9 /* ContainerView.m in Sources */,
				CA8886971ACD88D800BE0D55 /* TopButton.swift in Sources */,
				CA8138611AF7B30F0066030B /* DesignableTextField.swift in Sources */,
				CAED03581ABED5D400022FE9 /* ViewController.swift in Sources */,
				CA8138601AF7B30F0066030B /* DesignableTabBarController.swift in Sources */,
				CA81385B1AF7B30F0066030B /* AutoTextView.swift in Sources */,
				CAED03281ABED4A700022FE9 /* MyButton.swift in Sources */,
				CA9734261B04F5CC004C3BA8 /* HypoDialogView.swift in Sources */,
				CA2B1B7E1AF8D74800020298 /* AdapteDoseViewController.swift in Sources */,
				CA81386A1AF7B30F0066030B /* SoundPlayer.swift in Sources */,
				CA81385D1AF7B30F0066030B /* DesignableButton.swift in Sources */,
				CAED034B1ABED57800022FE9 /* ObjectifView.swift in Sources */,
				CA2B1B801AF8DB3200020298 /* HypoglycemieViewController.swift in Sources */,
				CA8138751AF7B30F0066030B /* UnwindSegue.swift in Sources */,
				CAED03261ABED4A700022FE9 /* MyPickerView.m in Sources */,
				CA91436F1AFA5D92001AAA20 /* AgiterSubview.swift in Sources */,
				CA81385E1AF7B30F0066030B /* DesignableImageView.swift in Sources */,
				CAD59EEB1ACC06CE00B82A56 /* Slogan.swift in Sources */,
				CAED02EE1ABED46F00022FE9 /* AppDelegate.swift in Sources */,
				CA2AC4C11B024178004C5692 /* SiteDinjectionSubview.swift in Sources */,
				CA81386B1AF7B30F0066030B /* Spring.swift in Sources */,
				CA8138641AF7B30F0066030B /* ImageLoader.swift in Sources */,
				CA9734211B04E820004C3BA8 /* ArrowButton.swift in Sources */,
				CAED03511ABED57800022FE9 /* ResultView.swift in Sources */,
				CAED033C1ABED52300022FE9 /* Thumbnail.swift in Sources */,
				CA0F05D61AC4490A00BA3ABE /* NSString+Morphing.m in Sources */,
				CA81386D1AF7B30F0066030B /* SpringButton.swift in Sources */,
				CADEC28F1AC84CF400C046E1 /* Constants.swift in Sources */,
				CAD577491AFF849D007D6441 /* SelectionnerSubview.swift in Sources */,
				CAED03251ABED4A700022FE9 /* MyTextField.m in Sources */,
				CA8138671AF7B30F0066030B /* LoadingView.swift in Sources */,
			);
			runOnlyForDeploymentPostprocessing = 0;
		};
		CAED02F91ABED46F00022FE9 /* Sources */ = {
			isa = PBXSourcesBuildPhase;
			buildActionMask = 2147483647;
			files = (
				CAED03041ABED46F00022FE9 /* NovoMixPasseportSwiftTests.swift in Sources */,
			);
			runOnlyForDeploymentPostprocessing = 0;
		};
/* End PBXSourcesBuildPhase section */

/* Begin PBXTargetDependency section */
		CAED02FF1ABED46F00022FE9 /* PBXTargetDependency */ = {
			isa = PBXTargetDependency;
			target = CAED02E71ABED46F00022FE9 /* NovoMixPasseportSwift */;
			targetProxy = CAED02FE1ABED46F00022FE9 /* PBXContainerItemProxy */;
		};
/* End PBXTargetDependency section */

/* Begin PBXVariantGroup section */
		CAED02F61ABED46F00022FE9 /* LaunchScreen.xib */ = {
			isa = PBXVariantGroup;
			children = (
				CAED02F71ABED46F00022FE9 /* Base */,
			);
			name = LaunchScreen.xib;
			sourceTree = "<group>";
		};
/* End PBXVariantGroup section */

/* Begin XCBuildConfiguration section */
		CAED03051ABED46F00022FE9 /* Debug */ = {
			isa = XCBuildConfiguration;
			buildSettings = {
				ALWAYS_SEARCH_USER_PATHS = NO;
				CLANG_CXX_LANGUAGE_STANDARD = "gnu++0x";
				CLANG_CXX_LIBRARY = "libc++";
				CLANG_ENABLE_MODULES = YES;
				CLANG_ENABLE_OBJC_ARC = YES;
				CLANG_WARN_BOOL_CONVERSION = YES;
				CLANG_WARN_CONSTANT_CONVERSION = YES;
				CLANG_WARN_DIRECT_OBJC_ISA_USAGE = YES_ERROR;
				CLANG_WARN_EMPTY_BODY = YES;
				CLANG_WARN_ENUM_CONVERSION = YES;
				CLANG_WARN_INT_CONVERSION = YES;
				CLANG_WARN_OBJC_ROOT_CLASS = YES_ERROR;
				CLANG_WARN_UNREACHABLE_CODE = YES;
				CLANG_WARN__DUPLICATE_METHOD_MATCH = YES;
				"CODE_SIGN_IDENTITY[sdk=iphoneos*]" = "iPhone Developer";
				COPY_PHASE_STRIP = NO;
				ENABLE_STRICT_OBJC_MSGSEND = YES;
				GCC_C_LANGUAGE_STANDARD = gnu99;
				GCC_DYNAMIC_NO_PIC = NO;
				GCC_OPTIMIZATION_LEVEL = 0;
				GCC_PREPROCESSOR_DEFINITIONS = (
					"DEBUG=1",
					"$(inherited)",
				);
				GCC_SYMBOLS_PRIVATE_EXTERN = NO;
				GCC_WARN_64_TO_32_BIT_CONVERSION = YES;
				GCC_WARN_ABOUT_RETURN_TYPE = YES_ERROR;
				GCC_WARN_UNDECLARED_SELECTOR = YES;
				GCC_WARN_UNINITIALIZED_AUTOS = YES_AGGRESSIVE;
				GCC_WARN_UNUSED_FUNCTION = YES;
				GCC_WARN_UNUSED_VARIABLE = YES;
				IPHONEOS_DEPLOYMENT_TARGET = 8.2;
				MTL_ENABLE_DEBUG_INFO = YES;
				ONLY_ACTIVE_ARCH = YES;
				SDKROOT = iphoneos;
				SWIFT_OPTIMIZATION_LEVEL = "-Onone";
				TARGETED_DEVICE_FAMILY = 2;
			};
			name = Debug;
		};
		CAED03061ABED46F00022FE9 /* Release */ = {
			isa = XCBuildConfiguration;
			buildSettings = {
				ALWAYS_SEARCH_USER_PATHS = NO;
				CLANG_CXX_LANGUAGE_STANDARD = "gnu++0x";
				CLANG_CXX_LIBRARY = "libc++";
				CLANG_ENABLE_MODULES = YES;
				CLANG_ENABLE_OBJC_ARC = YES;
				CLANG_WARN_BOOL_CONVERSION = YES;
				CLANG_WARN_CONSTANT_CONVERSION = YES;
				CLANG_WARN_DIRECT_OBJC_ISA_USAGE = YES_ERROR;
				CLANG_WARN_EMPTY_BODY = YES;
				CLANG_WARN_ENUM_CONVERSION = YES;
				CLANG_WARN_INT_CONVERSION = YES;
				CLANG_WARN_OBJC_ROOT_CLASS = YES_ERROR;
				CLANG_WARN_UNREACHABLE_CODE = YES;
				CLANG_WARN__DUPLICATE_METHOD_MATCH = YES;
				"CODE_SIGN_IDENTITY[sdk=iphoneos*]" = "iPhone Developer";
				COPY_PHASE_STRIP = NO;
				ENABLE_NS_ASSERTIONS = NO;
				ENABLE_STRICT_OBJC_MSGSEND = YES;
				GCC_C_LANGUAGE_STANDARD = gnu99;
				GCC_WARN_64_TO_32_BIT_CONVERSION = YES;
				GCC_WARN_ABOUT_RETURN_TYPE = YES_ERROR;
				GCC_WARN_UNDECLARED_SELECTOR = YES;
				GCC_WARN_UNINITIALIZED_AUTOS = YES_AGGRESSIVE;
				GCC_WARN_UNUSED_FUNCTION = YES;
				GCC_WARN_UNUSED_VARIABLE = YES;
				IPHONEOS_DEPLOYMENT_TARGET = 8.2;
				MTL_ENABLE_DEBUG_INFO = NO;
				SDKROOT = iphoneos;
				TARGETED_DEVICE_FAMILY = 2;
				VALIDATE_PRODUCT = YES;
			};
			name = Release;
		};
		CAED03081ABED46F00022FE9 /* Debug */ = {
			isa = XCBuildConfiguration;
			buildSettings = {
				ASSETCATALOG_COMPILER_APPICON_NAME = AppIcon;
				CLANG_ENABLE_MODULES = YES;
				CODE_SIGN_IDENTITY = "iPhone Developer";
				"CODE_SIGN_IDENTITY[sdk=iphoneos*]" = "iPhone Developer";
				INFOPLIST_FILE = NovoMixPasseportSwift/Info.plist;
				IPHONEOS_DEPLOYMENT_TARGET = 7.0;
				LD_RUNPATH_SEARCH_PATHS = "$(inherited) @executable_path/Frameworks";
				PRODUCT_NAME = "$(TARGET_NAME)";
				PROVISIONING_PROFILE = "";
				SWIFT_OBJC_BRIDGING_HEADER = "NovoMixPasseportSwift/NovoMixPasseportSwift-Bridging-Header.h";
				SWIFT_OPTIMIZATION_LEVEL = "-Onone";
			};
			name = Debug;
		};
		CAED03091ABED46F00022FE9 /* Release */ = {
			isa = XCBuildConfiguration;
			buildSettings = {
				ASSETCATALOG_COMPILER_APPICON_NAME = AppIcon;
				CLANG_ENABLE_MODULES = YES;
				CODE_SIGN_IDENTITY = "iPhone Developer";
				"CODE_SIGN_IDENTITY[sdk=iphoneos*]" = "iPhone Developer";
				INFOPLIST_FILE = NovoMixPasseportSwift/Info.plist;
				IPHONEOS_DEPLOYMENT_TARGET = 7.0;
				LD_RUNPATH_SEARCH_PATHS = "$(inherited) @executable_path/Frameworks";
				PRODUCT_NAME = "$(TARGET_NAME)";
				PROVISIONING_PROFILE = "";
				SWIFT_OBJC_BRIDGING_HEADER = "NovoMixPasseportSwift/NovoMixPasseportSwift-Bridging-Header.h";
			};
			name = Release;
		};
		CAED030B1ABED46F00022FE9 /* Debug */ = {
			isa = XCBuildConfiguration;
			buildSettings = {
				BUNDLE_LOADER = "$(TEST_HOST)";
				FRAMEWORK_SEARCH_PATHS = (
					"$(SDKROOT)/Developer/Library/Frameworks",
					"$(inherited)",
				);
				GCC_PREPROCESSOR_DEFINITIONS = (
					"DEBUG=1",
					"$(inherited)",
				);
				INFOPLIST_FILE = NovoMixPasseportSwiftTests/Info.plist;
				LD_RUNPATH_SEARCH_PATHS = "$(inherited) @executable_path/Frameworks @loader_path/Frameworks";
				PRODUCT_NAME = "$(TARGET_NAME)";
				TEST_HOST = "$(BUILT_PRODUCTS_DIR)/NovoMixPasseportSwift.app/NovoMixPasseportSwift";
			};
			name = Debug;
		};
		CAED030C1ABED46F00022FE9 /* Release */ = {
			isa = XCBuildConfiguration;
			buildSettings = {
				BUNDLE_LOADER = "$(TEST_HOST)";
				FRAMEWORK_SEARCH_PATHS = (
					"$(SDKROOT)/Developer/Library/Frameworks",
					"$(inherited)",
				);
				INFOPLIST_FILE = NovoMixPasseportSwiftTests/Info.plist;
				LD_RUNPATH_SEARCH_PATHS = "$(inherited) @executable_path/Frameworks @loader_path/Frameworks";
				PRODUCT_NAME = "$(TARGET_NAME)";
				TEST_HOST = "$(BUILT_PRODUCTS_DIR)/NovoMixPasseportSwift.app/NovoMixPasseportSwift";
			};
			name = Release;
		};
/* End XCBuildConfiguration section */

/* Begin XCConfigurationList section */
		CAED02E31ABED46F00022FE9 /* Build configuration list for PBXProject "NovoMixPasseportSwift" */ = {
			isa = XCConfigurationList;
			buildConfigurations = (
				CAED03051ABED46F00022FE9 /* Debug */,
				CAED03061ABED46F00022FE9 /* Release */,
			);
			defaultConfigurationIsVisible = 0;
			defaultConfigurationName = Release;
		};
		CAED03071ABED46F00022FE9 /* Build configuration list for PBXNativeTarget "NovoMixPasseportSwift" */ = {
			isa = XCConfigurationList;
			buildConfigurations = (
				CAED03081ABED46F00022FE9 /* Debug */,
				CAED03091ABED46F00022FE9 /* Release */,
			);
			defaultConfigurationIsVisible = 0;
			defaultConfigurationName = Release;
		};
		CAED030A1ABED46F00022FE9 /* Build configuration list for PBXNativeTarget "NovoMixPasseportSwiftTests" */ = {
			isa = XCConfigurationList;
			buildConfigurations = (
				CAED030B1ABED46F00022FE9 /* Debug */,
				CAED030C1ABED46F00022FE9 /* Release */,
			);
			defaultConfigurationIsVisible = 0;
			defaultConfigurationName = Release;
		};
/* End XCConfigurationList section */
	};
	rootObject = CAED02E01ABED46F00022FE9 /* Project object */;
}
